
Microsoft Visual Studio Solution File, Format Version 12.00
# Visual Studio 14
VisualStudioVersion = 14.0.25420.1
MinimumVisualStudioVersion = 10.0.40219.1
Project("{FAE04EC0-301F-11D3-BF4B-00C04F79EFBC}") = "RestfulNews", "RestfulNews\RestfulNews.csproj", "{F9234627-E13A-4504-A617-82765606BB8B}"
EndProject
Project("{FAE04EC0-301F-11D3-BF4B-00C04F79EFBC}") = "RestfulNews.Tests", "RestfulNews.Tests\RestfulNews.Tests.csproj", "{66D2DE13-CB56-4C7C-9116-2B7252D5735A}"
EndProject
Global
	GlobalSection(SolutionConfigurationPlatforms) = preSolution
		Debug|Any CPU = Debug|Any CPU
		Release|Any CPU = Release|Any CPU
	EndGlobalSection
	GlobalSection(ProjectConfigurationPlatforms) = postSolution
		{F9234627-E13A-4504-A617-82765606BB8B}.Debug|Any CPU.ActiveCfg = Debug|Any CPU
		{F9234627-E13A-4504-A617-82765606BB8B}.Debug|Any CPU.Build.0 = Debug|Any CPU
		{F9234627-E13A-4504-A617-82765606BB8B}.Release|Any CPU.ActiveCfg = Release|Any CPU
		{F9234627-E13A-4504-A617-82765606BB8B}.Release|Any CPU.Build.0 = Release|Any CPU
		{66D2DE13-CB56-4C7C-9116-2B7252D5735A}.Debug|Any CPU.ActiveCfg = Debug|Any CPU
		{66D2DE13-CB56-4C7C-9116-2B7252D5735A}.Debug|Any CPU.Build.0 = Debug|Any CPU
		{66D2DE13-CB56-4C7C-9116-2B7252D5735A}.Release|Any CPU.ActiveCfg = Release|Any CPU
		{66D2DE13-CB56-4C7C-9116-2B7252D5735A}.Release|Any CPU.Build.0 = Release|Any CPU
	EndGlobalSection
	GlobalSection(SolutionProperties) = preSolution
		HideSolutionNode = FALSE
	EndGlobalSection
EndGlobal
